
Microsoft Visual Studio Solution File, Format Version 12.00
# Visual Studio 15
VisualStudioVersion = 15.0.26730.16
MinimumVisualStudioVersion = 10.0.40219.1
Project("{2150E333-8FDC-42A3-9474-1A3956D46DE8}") = "FritzBoxAPI", "FritzBoxAPI", "{BD0CE949-F6C5-4FB3-895B-A799640772CE}"
EndProject
Project("{FAE04EC0-301F-11D3-BF4B-00C04F79EFBC}") = "FritzBoxHttpAPI", "..\FritzBoxAPI\FritzBoxHttpAPI\FritzBoxHttpAPI.csproj", "{6658ADD9-A6D5-4A9F-AFD6-95C87BA544BD}"
EndProject
Project("{2150E333-8FDC-42A3-9474-1A3956D46DE8}") = "UI", "UI", "{C12138FD-92D8-4538-B2F3-6CC13E51596C}"
EndProject
Project("{2150E333-8FDC-42A3-9474-1A3956D46DE8}") = "UWP", "UWP", "{3331C87D-3A5B-46E7-A3DC-0D1311966354}"
EndProject
Project("{FAE04EC0-301F-11D3-BF4B-00C04F79EFBC}") = "RYB", "..\UI\UWP\RYB\RYB.csproj", "{07BFE244-14D6-48E4-96AC-680B2E49C9BF}"
EndProject
Project("{FAE04EC0-301F-11D3-BF4B-00C04F79EFBC}") = "ApiAdapter.Interface", "..\FritzBoxAPI\ApiAdapter.Interface\ApiAdapter.Interface.csproj", "{9E5E1955-7C20-4B25-B40A-93449EBAB79F}"
EndProject
Project("{FAE04EC0-301F-11D3-BF4B-00C04F79EFBC}") = "ApiAdapter.Implementation", "..\FritzBoxAPI\ApiAdapter.Implementation\ApiAdapter.Implementation.csproj", "{F54BA55D-2336-4991-BBF8-3DEE56BBF8A5}"
EndProject
Project("{2150E333-8FDC-42A3-9474-1A3956D46DE8}") = "Modules", "Modules", "{19446C9D-A72F-456A-B1D7-5B11D23FC4A4}"
EndProject
Project("{FAE04EC0-301F-11D3-BF4B-00C04F79EFBC}") = "TabHeaderUC", "..\UI\UWP\Modules\TabHeader\TabHeaderUC\TabHeaderUC.csproj", "{37438CD6-46C6-4495-91F5-0C76FE9C0D1E}"
EndProject
Project("{FAE04EC0-301F-11D3-BF4B-00C04F79EFBC}") = "FlaticonCreditUC", "..\UI\UWP\Modules\FlaticonCredit\FlaticonCreditUC.csproj", "{637852E9-7E85-4CF0-A630-D87252F63DA5}"
EndProject
Project("{2150E333-8FDC-42A3-9474-1A3956D46DE8}") = "DesignPatterns", "DesignPatterns", "{847D8BC3-DDB0-4003-9DE9-CF5C540436A2}"
EndProject
Project("{2150E333-8FDC-42A3-9474-1A3956D46DE8}") = "CreationalPatterns", "CreationalPatterns", "{4C379928-38D8-4FE1-BF5A-69851E85AC07}"
EndProject
Project("{2150E333-8FDC-42A3-9474-1A3956D46DE8}") = "FactoryMethod", "FactoryMethod", "{BF97C3F5-1968-46C1-A7B1-0498DBA5B6AE}"
EndProject
Project("{FAE04EC0-301F-11D3-BF4B-00C04F79EFBC}") = "FactoryMethod.Interface", "..\XElement\DesignPatterns\CreationalPatterns\FactoryMethod\FactoryMethod.Interface\FactoryMethod.Interface.csproj", "{A607542C-2920-40B5-8074-F1C3D4125EBF}"
EndProject
Project("{FAE04EC0-301F-11D3-BF4B-00C04F79EFBC}") = "SwitchWidgetUC", "..\UI\UWP\Modules\SwitchWidgetUC\SwitchWidgetUC.csproj", "{BF1B2833-D1C8-4E2C-9EF2-AC3005E984DB}"
EndProject
Project("{FAE04EC0-301F-11D3-BF4B-00C04F79EFBC}") = "Common", "..\UI\UWP\Common\Common.csproj", "{480D7C55-3CF8-42DA-A7F7-CD63790D8814}"
EndProject
Project("{FAE04EC0-301F-11D3-BF4B-00C04F79EFBC}") = "GitHubLinkUC", "..\UI\UWP\Modules\GitHubLink\GitHubLinkUC.csproj", "{00D91333-9A3C-4E5F-9AFD-6A6946C3C5E1}"
EndProject
Project("{FAE04EC0-301F-11D3-BF4B-00C04F79EFBC}") = "test_RYB", "..\UI\UWP\test_RYB\test_RYB.csproj", "{749F5FAF-37C3-425F-804A-CFD61FA4A42D}"
EndProject
Project("{FAE04EC0-301F-11D3-BF4B-00C04F79EFBC}") = "TestUtils", "..\XElement\TestUtils\TestUtils.csproj", "{1CCCFC19-FC49-4D65-96F1-AAF54F0B04F3}"
EndProject
Project("{FAE04EC0-301F-11D3-BF4B-00C04F79EFBC}") = "local_TestUtils", "..\TestUtils\local_TestUtils.csproj", "{BF8254C4-D011-4AFE-B2B6-1298B9E62073}"
EndProject
Project("{FAE04EC0-301F-11D3-BF4B-00C04F79EFBC}") = "TemperatureWidgetUC", "..\UI\UWP\Modules\TemperatureWidgetUC\TemperatureWidgetUC.csproj", "{7ADA5BBB-9965-4F27-8BE1-534250839CDF}"
EndProject
Project("{FAE04EC0-301F-11D3-BF4B-00C04F79EFBC}") = "LoginRecognizer.Implementation", "..\FritzBoxAPI\LoginRecognizer.Implementation\LoginRecognizer.Implementation.csproj", "{F081054C-23D7-482A-AC29-1CE595A03351}"
EndProject
Project("{FAE04EC0-301F-11D3-BF4B-00C04F79EFBC}") = "test_LoginRecognizer.Implementation", "..\FritzBoxAPI\test_LoginRecognizer.Implementation\test_LoginRecognizer.Implementation.csproj", "{B8971C15-0675-4C31-B049-F2DB2D801DEE}"
EndProject
Project("{FAE04EC0-301F-11D3-BF4B-00C04F79EFBC}") = "LoginRecognizer.Interface", "..\FritzBoxAPI\LoginRecognizer.Interface\LoginRecognizer.Interface.csproj", "{A167B2C1-91A2-44D1-8B47-2BFD3A31E75B}"
EndProject
Project("{2150E333-8FDC-42A3-9474-1A3956D46DE8}") = "Solution Items", "Solution Items", "{14A0D14B-6220-4FEB-A26F-98972B33A5AC}"
	ProjectSection(SolutionItems) = preProject
		..\.editorconfig = ..\.editorconfig
	EndProjectSection
EndProject
Project("{FAE04EC0-301F-11D3-BF4B-00C04F79EFBC}") = "Localization", "..\UI\UWP\Localization\Localization.csproj", "{F9A566B9-CDF8-4EA9-ABD1-B46842797E97}"
EndProject
Global
	GlobalSection(SolutionConfigurationPlatforms) = preSolution
		Debug|Any CPU = Debug|Any CPU
		Debug|ARM = Debug|ARM
		Debug|x64 = Debug|x64
		Debug|x86 = Debug|x86
		Release|Any CPU = Release|Any CPU
		Release|ARM = Release|ARM
		Release|x64 = Release|x64
		Release|x86 = Release|x86
	EndGlobalSection
	GlobalSection(ProjectConfigurationPlatforms) = postSolution
		{6658ADD9-A6D5-4A9F-AFD6-95C87BA544BD}.Debug|Any CPU.ActiveCfg = Debug|Any CPU
		{6658ADD9-A6D5-4A9F-AFD6-95C87BA544BD}.Debug|Any CPU.Build.0 = Debug|Any CPU
		{6658ADD9-A6D5-4A9F-AFD6-95C87BA544BD}.Debug|ARM.ActiveCfg = Debug|ARM
		{6658ADD9-A6D5-4A9F-AFD6-95C87BA544BD}.Debug|ARM.Build.0 = Debug|ARM
		{6658ADD9-A6D5-4A9F-AFD6-95C87BA544BD}.Debug|x64.ActiveCfg = Debug|x64
		{6658ADD9-A6D5-4A9F-AFD6-95C87BA544BD}.Debug|x64.Build.0 = Debug|x64
		{6658ADD9-A6D5-4A9F-AFD6-95C87BA544BD}.Debug|x86.ActiveCfg = Debug|x86
		{6658ADD9-A6D5-4A9F-AFD6-95C87BA544BD}.Debug|x86.Build.0 = Debug|x86
		{6658ADD9-A6D5-4A9F-AFD6-95C87BA544BD}.Release|Any CPU.ActiveCfg = Release|Any CPU
		{6658ADD9-A6D5-4A9F-AFD6-95C87BA544BD}.Release|Any CPU.Build.0 = Release|Any CPU
		{6658ADD9-A6D5-4A9F-AFD6-95C87BA544BD}.Release|ARM.ActiveCfg = Release|ARM
		{6658ADD9-A6D5-4A9F-AFD6-95C87BA544BD}.Release|ARM.Build.0 = Release|ARM
		{6658ADD9-A6D5-4A9F-AFD6-95C87BA544BD}.Release|x64.ActiveCfg = Release|x64
		{6658ADD9-A6D5-4A9F-AFD6-95C87BA544BD}.Release|x64.Build.0 = Release|x64
		{6658ADD9-A6D5-4A9F-AFD6-95C87BA544BD}.Release|x86.ActiveCfg = Release|x86
		{6658ADD9-A6D5-4A9F-AFD6-95C87BA544BD}.Release|x86.Build.0 = Release|x86
		{07BFE244-14D6-48E4-96AC-680B2E49C9BF}.Debug|Any CPU.ActiveCfg = Debug|x86
		{07BFE244-14D6-48E4-96AC-680B2E49C9BF}.Debug|Any CPU.Build.0 = Debug|x86
		{07BFE244-14D6-48E4-96AC-680B2E49C9BF}.Debug|Any CPU.Deploy.0 = Debug|x86
		{07BFE244-14D6-48E4-96AC-680B2E49C9BF}.Debug|ARM.ActiveCfg = Debug|ARM
		{07BFE244-14D6-48E4-96AC-680B2E49C9BF}.Debug|ARM.Build.0 = Debug|ARM
		{07BFE244-14D6-48E4-96AC-680B2E49C9BF}.Debug|ARM.Deploy.0 = Debug|ARM
		{07BFE244-14D6-48E4-96AC-680B2E49C9BF}.Debug|x64.ActiveCfg = Debug|x64
		{07BFE244-14D6-48E4-96AC-680B2E49C9BF}.Debug|x64.Build.0 = Debug|x64
		{07BFE244-14D6-48E4-96AC-680B2E49C9BF}.Debug|x64.Deploy.0 = Debug|x64
		{07BFE244-14D6-48E4-96AC-680B2E49C9BF}.Debug|x86.ActiveCfg = Debug|x86
		{07BFE244-14D6-48E4-96AC-680B2E49C9BF}.Debug|x86.Build.0 = Debug|x86
		{07BFE244-14D6-48E4-96AC-680B2E49C9BF}.Debug|x86.Deploy.0 = Debug|x86
		{07BFE244-14D6-48E4-96AC-680B2E49C9BF}.Release|Any CPU.ActiveCfg = Release|x86
		{07BFE244-14D6-48E4-96AC-680B2E49C9BF}.Release|ARM.ActiveCfg = Release|ARM
		{07BFE244-14D6-48E4-96AC-680B2E49C9BF}.Release|ARM.Build.0 = Release|ARM
		{07BFE244-14D6-48E4-96AC-680B2E49C9BF}.Release|ARM.Deploy.0 = Release|ARM
		{07BFE244-14D6-48E4-96AC-680B2E49C9BF}.Release|x64.ActiveCfg = Release|x64
		{07BFE244-14D6-48E4-96AC-680B2E49C9BF}.Release|x64.Build.0 = Release|x64
		{07BFE244-14D6-48E4-96AC-680B2E49C9BF}.Release|x64.Deploy.0 = Release|x64
		{07BFE244-14D6-48E4-96AC-680B2E49C9BF}.Release|x86.ActiveCfg = Release|x86
		{07BFE244-14D6-48E4-96AC-680B2E49C9BF}.Release|x86.Build.0 = Release|x86
		{07BFE244-14D6-48E4-96AC-680B2E49C9BF}.Release|x86.Deploy.0 = Release|x86
		{9E5E1955-7C20-4B25-B40A-93449EBAB79F}.Debug|Any CPU.ActiveCfg = Debug|Any CPU
		{9E5E1955-7C20-4B25-B40A-93449EBAB79F}.Debug|Any CPU.Build.0 = Debug|Any CPU
		{9E5E1955-7C20-4B25-B40A-93449EBAB79F}.Debug|ARM.ActiveCfg = Debug|ARM
		{9E5E1955-7C20-4B25-B40A-93449EBAB79F}.Debug|ARM.Build.0 = Debug|ARM
		{9E5E1955-7C20-4B25-B40A-93449EBAB79F}.Debug|x64.ActiveCfg = Debug|x64
		{9E5E1955-7C20-4B25-B40A-93449EBAB79F}.Debug|x64.Build.0 = Debug|x64
		{9E5E1955-7C20-4B25-B40A-93449EBAB79F}.Debug|x86.ActiveCfg = Debug|x86
		{9E5E1955-7C20-4B25-B40A-93449EBAB79F}.Debug|x86.Build.0 = Debug|x86
		{9E5E1955-7C20-4B25-B40A-93449EBAB79F}.Release|Any CPU.ActiveCfg = Release|Any CPU
		{9E5E1955-7C20-4B25-B40A-93449EBAB79F}.Release|Any CPU.Build.0 = Release|Any CPU
		{9E5E1955-7C20-4B25-B40A-93449EBAB79F}.Release|ARM.ActiveCfg = Release|ARM
		{9E5E1955-7C20-4B25-B40A-93449EBAB79F}.Release|ARM.Build.0 = Release|ARM
		{9E5E1955-7C20-4B25-B40A-93449EBAB79F}.Release|x64.ActiveCfg = Release|x64
		{9E5E1955-7C20-4B25-B40A-93449EBAB79F}.Release|x64.Build.0 = Release|x64
		{9E5E1955-7C20-4B25-B40A-93449EBAB79F}.Release|x86.ActiveCfg = Release|x86
		{9E5E1955-7C20-4B25-B40A-93449EBAB79F}.Release|x86.Build.0 = Release|x86
		{F54BA55D-2336-4991-BBF8-3DEE56BBF8A5}.Debug|Any CPU.ActiveCfg = Debug|Any CPU
		{F54BA55D-2336-4991-BBF8-3DEE56BBF8A5}.Debug|Any CPU.Build.0 = Debug|Any CPU
		{F54BA55D-2336-4991-BBF8-3DEE56BBF8A5}.Debug|ARM.ActiveCfg = Debug|ARM
		{F54BA55D-2336-4991-BBF8-3DEE56BBF8A5}.Debug|ARM.Build.0 = Debug|ARM
		{F54BA55D-2336-4991-BBF8-3DEE56BBF8A5}.Debug|x64.ActiveCfg = Debug|x64
		{F54BA55D-2336-4991-BBF8-3DEE56BBF8A5}.Debug|x64.Build.0 = Debug|x64
		{F54BA55D-2336-4991-BBF8-3DEE56BBF8A5}.Debug|x86.ActiveCfg = Debug|x86
		{F54BA55D-2336-4991-BBF8-3DEE56BBF8A5}.Debug|x86.Build.0 = Debug|x86
		{F54BA55D-2336-4991-BBF8-3DEE56BBF8A5}.Release|Any CPU.ActiveCfg = Release|Any CPU
		{F54BA55D-2336-4991-BBF8-3DEE56BBF8A5}.Release|Any CPU.Build.0 = Release|Any CPU
		{F54BA55D-2336-4991-BBF8-3DEE56BBF8A5}.Release|ARM.ActiveCfg = Release|ARM
		{F54BA55D-2336-4991-BBF8-3DEE56BBF8A5}.Release|ARM.Build.0 = Release|ARM
		{F54BA55D-2336-4991-BBF8-3DEE56BBF8A5}.Release|x64.ActiveCfg = Release|x64
		{F54BA55D-2336-4991-BBF8-3DEE56BBF8A5}.Release|x64.Build.0 = Release|x64
		{F54BA55D-2336-4991-BBF8-3DEE56BBF8A5}.Release|x86.ActiveCfg = Release|x86
		{F54BA55D-2336-4991-BBF8-3DEE56BBF8A5}.Release|x86.Build.0 = Release|x86
		{37438CD6-46C6-4495-91F5-0C76FE9C0D1E}.Debug|Any CPU.ActiveCfg = Debug|Any CPU
		{37438CD6-46C6-4495-91F5-0C76FE9C0D1E}.Debug|Any CPU.Build.0 = Debug|Any CPU
		{37438CD6-46C6-4495-91F5-0C76FE9C0D1E}.Debug|ARM.ActiveCfg = Debug|ARM
		{37438CD6-46C6-4495-91F5-0C76FE9C0D1E}.Debug|ARM.Build.0 = Debug|ARM
		{37438CD6-46C6-4495-91F5-0C76FE9C0D1E}.Debug|x64.ActiveCfg = Debug|x64
		{37438CD6-46C6-4495-91F5-0C76FE9C0D1E}.Debug|x64.Build.0 = Debug|x64
		{37438CD6-46C6-4495-91F5-0C76FE9C0D1E}.Debug|x86.ActiveCfg = Debug|x86
		{37438CD6-46C6-4495-91F5-0C76FE9C0D1E}.Debug|x86.Build.0 = Debug|x86
		{37438CD6-46C6-4495-91F5-0C76FE9C0D1E}.Release|Any CPU.ActiveCfg = Release|Any CPU
		{37438CD6-46C6-4495-91F5-0C76FE9C0D1E}.Release|Any CPU.Build.0 = Release|Any CPU
		{37438CD6-46C6-4495-91F5-0C76FE9C0D1E}.Release|ARM.ActiveCfg = Release|ARM
		{37438CD6-46C6-4495-91F5-0C76FE9C0D1E}.Release|ARM.Build.0 = Release|ARM
		{37438CD6-46C6-4495-91F5-0C76FE9C0D1E}.Release|x64.ActiveCfg = Release|x64
		{37438CD6-46C6-4495-91F5-0C76FE9C0D1E}.Release|x64.Build.0 = Release|x64
		{37438CD6-46C6-4495-91F5-0C76FE9C0D1E}.Release|x86.ActiveCfg = Release|x86
		{37438CD6-46C6-4495-91F5-0C76FE9C0D1E}.Release|x86.Build.0 = Release|x86
		{637852E9-7E85-4CF0-A630-D87252F63DA5}.Debug|Any CPU.ActiveCfg = Debug|x86
		{637852E9-7E85-4CF0-A630-D87252F63DA5}.Debug|Any CPU.Build.0 = Debug|x86
		{637852E9-7E85-4CF0-A630-D87252F63DA5}.Debug|ARM.ActiveCfg = Debug|ARM
		{637852E9-7E85-4CF0-A630-D87252F63DA5}.Debug|ARM.Build.0 = Debug|ARM
		{637852E9-7E85-4CF0-A630-D87252F63DA5}.Debug|x64.ActiveCfg = Debug|x64
		{637852E9-7E85-4CF0-A630-D87252F63DA5}.Debug|x64.Build.0 = Debug|x64
		{637852E9-7E85-4CF0-A630-D87252F63DA5}.Debug|x86.ActiveCfg = Debug|x86
		{637852E9-7E85-4CF0-A630-D87252F63DA5}.Debug|x86.Build.0 = Debug|x86
		{637852E9-7E85-4CF0-A630-D87252F63DA5}.Release|Any CPU.ActiveCfg = Release|Any CPU
		{637852E9-7E85-4CF0-A630-D87252F63DA5}.Release|Any CPU.Build.0 = Release|Any CPU
		{637852E9-7E85-4CF0-A630-D87252F63DA5}.Release|ARM.ActiveCfg = Release|ARM
		{637852E9-7E85-4CF0-A630-D87252F63DA5}.Release|ARM.Build.0 = Release|ARM
		{637852E9-7E85-4CF0-A630-D87252F63DA5}.Release|x64.ActiveCfg = Release|x64
		{637852E9-7E85-4CF0-A630-D87252F63DA5}.Release|x64.Build.0 = Release|x64
		{637852E9-7E85-4CF0-A630-D87252F63DA5}.Release|x86.ActiveCfg = Release|x86
		{637852E9-7E85-4CF0-A630-D87252F63DA5}.Release|x86.Build.0 = Release|x86
		{A607542C-2920-40B5-8074-F1C3D4125EBF}.Debug|Any CPU.ActiveCfg = Debug|Any CPU
		{A607542C-2920-40B5-8074-F1C3D4125EBF}.Debug|Any CPU.Build.0 = Debug|Any CPU
		{A607542C-2920-40B5-8074-F1C3D4125EBF}.Debug|ARM.ActiveCfg = Debug|ARM
		{A607542C-2920-40B5-8074-F1C3D4125EBF}.Debug|ARM.Build.0 = Debug|ARM
		{A607542C-2920-40B5-8074-F1C3D4125EBF}.Debug|x64.ActiveCfg = Debug|x64
		{A607542C-2920-40B5-8074-F1C3D4125EBF}.Debug|x64.Build.0 = Debug|x64
		{A607542C-2920-40B5-8074-F1C3D4125EBF}.Debug|x86.ActiveCfg = Debug|x86
		{A607542C-2920-40B5-8074-F1C3D4125EBF}.Debug|x86.Build.0 = Debug|x86
		{A607542C-2920-40B5-8074-F1C3D4125EBF}.Release|Any CPU.ActiveCfg = Release|Any CPU
		{A607542C-2920-40B5-8074-F1C3D4125EBF}.Release|Any CPU.Build.0 = Release|Any CPU
		{A607542C-2920-40B5-8074-F1C3D4125EBF}.Release|ARM.ActiveCfg = Release|ARM
		{A607542C-2920-40B5-8074-F1C3D4125EBF}.Release|ARM.Build.0 = Release|ARM
		{A607542C-2920-40B5-8074-F1C3D4125EBF}.Release|x64.ActiveCfg = Release|x64
		{A607542C-2920-40B5-8074-F1C3D4125EBF}.Release|x64.Build.0 = Release|x64
		{A607542C-2920-40B5-8074-F1C3D4125EBF}.Release|x86.ActiveCfg = Release|x86
		{A607542C-2920-40B5-8074-F1C3D4125EBF}.Release|x86.Build.0 = Release|x86
		{BF1B2833-D1C8-4E2C-9EF2-AC3005E984DB}.Debug|Any CPU.ActiveCfg = Debug|Any CPU
		{BF1B2833-D1C8-4E2C-9EF2-AC3005E984DB}.Debug|Any CPU.Build.0 = Debug|Any CPU
		{BF1B2833-D1C8-4E2C-9EF2-AC3005E984DB}.Debug|ARM.ActiveCfg = Debug|ARM
		{BF1B2833-D1C8-4E2C-9EF2-AC3005E984DB}.Debug|ARM.Build.0 = Debug|ARM
		{BF1B2833-D1C8-4E2C-9EF2-AC3005E984DB}.Debug|x64.ActiveCfg = Debug|x64
		{BF1B2833-D1C8-4E2C-9EF2-AC3005E984DB}.Debug|x64.Build.0 = Debug|x64
		{BF1B2833-D1C8-4E2C-9EF2-AC3005E984DB}.Debug|x86.ActiveCfg = Debug|x86
		{BF1B2833-D1C8-4E2C-9EF2-AC3005E984DB}.Debug|x86.Build.0 = Debug|x86
		{BF1B2833-D1C8-4E2C-9EF2-AC3005E984DB}.Release|Any CPU.ActiveCfg = Release|Any CPU
		{BF1B2833-D1C8-4E2C-9EF2-AC3005E984DB}.Release|Any CPU.Build.0 = Release|Any CPU
		{BF1B2833-D1C8-4E2C-9EF2-AC3005E984DB}.Release|ARM.ActiveCfg = Release|ARM
		{BF1B2833-D1C8-4E2C-9EF2-AC3005E984DB}.Release|ARM.Build.0 = Release|ARM
		{BF1B2833-D1C8-4E2C-9EF2-AC3005E984DB}.Release|x64.ActiveCfg = Release|x64
		{BF1B2833-D1C8-4E2C-9EF2-AC3005E984DB}.Release|x64.Build.0 = Release|x64
		{BF1B2833-D1C8-4E2C-9EF2-AC3005E984DB}.Release|x86.ActiveCfg = Release|x86
		{BF1B2833-D1C8-4E2C-9EF2-AC3005E984DB}.Release|x86.Build.0 = Release|x86
		{480D7C55-3CF8-42DA-A7F7-CD63790D8814}.Debug|Any CPU.ActiveCfg = Debug|Any CPU
		{480D7C55-3CF8-42DA-A7F7-CD63790D8814}.Debug|Any CPU.Build.0 = Debug|Any CPU
		{480D7C55-3CF8-42DA-A7F7-CD63790D8814}.Debug|ARM.ActiveCfg = Debug|ARM
		{480D7C55-3CF8-42DA-A7F7-CD63790D8814}.Debug|ARM.Build.0 = Debug|ARM
		{480D7C55-3CF8-42DA-A7F7-CD63790D8814}.Debug|x64.ActiveCfg = Debug|x64
		{480D7C55-3CF8-42DA-A7F7-CD63790D8814}.Debug|x64.Build.0 = Debug|x64
		{480D7C55-3CF8-42DA-A7F7-CD63790D8814}.Debug|x86.ActiveCfg = Debug|x86
		{480D7C55-3CF8-42DA-A7F7-CD63790D8814}.Debug|x86.Build.0 = Debug|x86
		{480D7C55-3CF8-42DA-A7F7-CD63790D8814}.Release|Any CPU.ActiveCfg = Release|Any CPU
		{480D7C55-3CF8-42DA-A7F7-CD63790D8814}.Release|Any CPU.Build.0 = Release|Any CPU
		{480D7C55-3CF8-42DA-A7F7-CD63790D8814}.Release|ARM.ActiveCfg = Release|ARM
		{480D7C55-3CF8-42DA-A7F7-CD63790D8814}.Release|ARM.Build.0 = Release|ARM
		{480D7C55-3CF8-42DA-A7F7-CD63790D8814}.Release|x64.ActiveCfg = Release|x64
		{480D7C55-3CF8-42DA-A7F7-CD63790D8814}.Release|x64.Build.0 = Release|x64
		{480D7C55-3CF8-42DA-A7F7-CD63790D8814}.Release|x86.ActiveCfg = Release|x86
		{480D7C55-3CF8-42DA-A7F7-CD63790D8814}.Release|x86.Build.0 = Release|x86
		{00D91333-9A3C-4E5F-9AFD-6A6946C3C5E1}.Debug|Any CPU.ActiveCfg = Debug|Any CPU
		{00D91333-9A3C-4E5F-9AFD-6A6946C3C5E1}.Debug|Any CPU.Build.0 = Debug|Any CPU
		{00D91333-9A3C-4E5F-9AFD-6A6946C3C5E1}.Debug|ARM.ActiveCfg = Debug|ARM
		{00D91333-9A3C-4E5F-9AFD-6A6946C3C5E1}.Debug|ARM.Build.0 = Debug|ARM
		{00D91333-9A3C-4E5F-9AFD-6A6946C3C5E1}.Debug|x64.ActiveCfg = Debug|x64
		{00D91333-9A3C-4E5F-9AFD-6A6946C3C5E1}.Debug|x64.Build.0 = Debug|x64
		{00D91333-9A3C-4E5F-9AFD-6A6946C3C5E1}.Debug|x86.ActiveCfg = Debug|x86
		{00D91333-9A3C-4E5F-9AFD-6A6946C3C5E1}.Debug|x86.Build.0 = Debug|x86
		{00D91333-9A3C-4E5F-9AFD-6A6946C3C5E1}.Release|Any CPU.ActiveCfg = Release|Any CPU
		{00D91333-9A3C-4E5F-9AFD-6A6946C3C5E1}.Release|Any CPU.Build.0 = Release|Any CPU
		{00D91333-9A3C-4E5F-9AFD-6A6946C3C5E1}.Release|ARM.ActiveCfg = Release|ARM
		{00D91333-9A3C-4E5F-9AFD-6A6946C3C5E1}.Release|ARM.Build.0 = Release|ARM
		{00D91333-9A3C-4E5F-9AFD-6A6946C3C5E1}.Release|x64.ActiveCfg = Release|x64
		{00D91333-9A3C-4E5F-9AFD-6A6946C3C5E1}.Release|x64.Build.0 = Release|x64
		{00D91333-9A3C-4E5F-9AFD-6A6946C3C5E1}.Release|x86.ActiveCfg = Release|x86
		{00D91333-9A3C-4E5F-9AFD-6A6946C3C5E1}.Release|x86.Build.0 = Release|x86
		{749F5FAF-37C3-425F-804A-CFD61FA4A42D}.Debug|Any CPU.ActiveCfg = Debug|x86
		{749F5FAF-37C3-425F-804A-CFD61FA4A42D}.Debug|Any CPU.Build.0 = Debug|x86
		{749F5FAF-37C3-425F-804A-CFD61FA4A42D}.Debug|Any CPU.Deploy.0 = Debug|x86
		{749F5FAF-37C3-425F-804A-CFD61FA4A42D}.Debug|ARM.ActiveCfg = Debug|ARM
		{749F5FAF-37C3-425F-804A-CFD61FA4A42D}.Debug|ARM.Build.0 = Debug|ARM
		{749F5FAF-37C3-425F-804A-CFD61FA4A42D}.Debug|ARM.Deploy.0 = Debug|ARM
		{749F5FAF-37C3-425F-804A-CFD61FA4A42D}.Debug|x64.ActiveCfg = Debug|x64
		{749F5FAF-37C3-425F-804A-CFD61FA4A42D}.Debug|x64.Build.0 = Debug|x64
		{749F5FAF-37C3-425F-804A-CFD61FA4A42D}.Debug|x64.Deploy.0 = Debug|x64
		{749F5FAF-37C3-425F-804A-CFD61FA4A42D}.Debug|x86.ActiveCfg = Debug|x86
		{749F5FAF-37C3-425F-804A-CFD61FA4A42D}.Debug|x86.Build.0 = Debug|x86
		{749F5FAF-37C3-425F-804A-CFD61FA4A42D}.Debug|x86.Deploy.0 = Debug|x86
		{749F5FAF-37C3-425F-804A-CFD61FA4A42D}.Release|Any CPU.ActiveCfg = Release|x86
		{749F5FAF-37C3-425F-804A-CFD61FA4A42D}.Release|ARM.ActiveCfg = Release|ARM
		{749F5FAF-37C3-425F-804A-CFD61FA4A42D}.Release|ARM.Build.0 = Release|ARM
		{749F5FAF-37C3-425F-804A-CFD61FA4A42D}.Release|ARM.Deploy.0 = Release|ARM
		{749F5FAF-37C3-425F-804A-CFD61FA4A42D}.Release|x64.ActiveCfg = Release|x64
		{749F5FAF-37C3-425F-804A-CFD61FA4A42D}.Release|x64.Build.0 = Release|x64
		{749F5FAF-37C3-425F-804A-CFD61FA4A42D}.Release|x64.Deploy.0 = Release|x64
		{749F5FAF-37C3-425F-804A-CFD61FA4A42D}.Release|x86.ActiveCfg = Release|x86
		{749F5FAF-37C3-425F-804A-CFD61FA4A42D}.Release|x86.Build.0 = Release|x86
		{749F5FAF-37C3-425F-804A-CFD61FA4A42D}.Release|x86.Deploy.0 = Release|x86
		{1CCCFC19-FC49-4D65-96F1-AAF54F0B04F3}.Debug|Any CPU.ActiveCfg = Debug|Any CPU
		{1CCCFC19-FC49-4D65-96F1-AAF54F0B04F3}.Debug|Any CPU.Build.0 = Debug|Any CPU
		{1CCCFC19-FC49-4D65-96F1-AAF54F0B04F3}.Debug|ARM.ActiveCfg = Debug|ARM
		{1CCCFC19-FC49-4D65-96F1-AAF54F0B04F3}.Debug|ARM.Build.0 = Debug|ARM
		{1CCCFC19-FC49-4D65-96F1-AAF54F0B04F3}.Debug|x64.ActiveCfg = Debug|x64
		{1CCCFC19-FC49-4D65-96F1-AAF54F0B04F3}.Debug|x64.Build.0 = Debug|x64
		{1CCCFC19-FC49-4D65-96F1-AAF54F0B04F3}.Debug|x86.ActiveCfg = Debug|x86
		{1CCCFC19-FC49-4D65-96F1-AAF54F0B04F3}.Debug|x86.Build.0 = Debug|x86
		{1CCCFC19-FC49-4D65-96F1-AAF54F0B04F3}.Release|Any CPU.ActiveCfg = Release|Any CPU
		{1CCCFC19-FC49-4D65-96F1-AAF54F0B04F3}.Release|Any CPU.Build.0 = Release|Any CPU
		{1CCCFC19-FC49-4D65-96F1-AAF54F0B04F3}.Release|ARM.ActiveCfg = Release|ARM
		{1CCCFC19-FC49-4D65-96F1-AAF54F0B04F3}.Release|ARM.Build.0 = Release|ARM
		{1CCCFC19-FC49-4D65-96F1-AAF54F0B04F3}.Release|x64.ActiveCfg = Release|x64
		{1CCCFC19-FC49-4D65-96F1-AAF54F0B04F3}.Release|x64.Build.0 = Release|x64
		{1CCCFC19-FC49-4D65-96F1-AAF54F0B04F3}.Release|x86.ActiveCfg = Release|x86
		{1CCCFC19-FC49-4D65-96F1-AAF54F0B04F3}.Release|x86.Build.0 = Release|x86
		{BF8254C4-D011-4AFE-B2B6-1298B9E62073}.Debug|Any CPU.ActiveCfg = Debug|x86
		{BF8254C4-D011-4AFE-B2B6-1298B9E62073}.Debug|Any CPU.Build.0 = Debug|x86
		{BF8254C4-D011-4AFE-B2B6-1298B9E62073}.Debug|ARM.ActiveCfg = Debug|ARM
		{BF8254C4-D011-4AFE-B2B6-1298B9E62073}.Debug|ARM.Build.0 = Debug|ARM
		{BF8254C4-D011-4AFE-B2B6-1298B9E62073}.Debug|x64.ActiveCfg = Debug|x64
		{BF8254C4-D011-4AFE-B2B6-1298B9E62073}.Debug|x64.Build.0 = Debug|x64
		{BF8254C4-D011-4AFE-B2B6-1298B9E62073}.Debug|x86.ActiveCfg = Debug|x86
		{BF8254C4-D011-4AFE-B2B6-1298B9E62073}.Debug|x86.Build.0 = Debug|x86
		{BF8254C4-D011-4AFE-B2B6-1298B9E62073}.Release|Any CPU.ActiveCfg = Release|Any CPU
		{BF8254C4-D011-4AFE-B2B6-1298B9E62073}.Release|Any CPU.Build.0 = Release|Any CPU
		{BF8254C4-D011-4AFE-B2B6-1298B9E62073}.Release|ARM.ActiveCfg = Release|ARM
		{BF8254C4-D011-4AFE-B2B6-1298B9E62073}.Release|ARM.Build.0 = Release|ARM
		{BF8254C4-D011-4AFE-B2B6-1298B9E62073}.Release|x64.ActiveCfg = Release|x64
		{BF8254C4-D011-4AFE-B2B6-1298B9E62073}.Release|x64.Build.0 = Release|x64
		{BF8254C4-D011-4AFE-B2B6-1298B9E62073}.Release|x86.ActiveCfg = Release|x86
		{BF8254C4-D011-4AFE-B2B6-1298B9E62073}.Release|x86.Build.0 = Release|x86
		{7ADA5BBB-9965-4F27-8BE1-534250839CDF}.Debug|Any CPU.ActiveCfg = Debug|Any CPU
		{7ADA5BBB-9965-4F27-8BE1-534250839CDF}.Debug|Any CPU.Build.0 = Debug|Any CPU
		{7ADA5BBB-9965-4F27-8BE1-534250839CDF}.Debug|ARM.ActiveCfg = Debug|ARM
		{7ADA5BBB-9965-4F27-8BE1-534250839CDF}.Debug|ARM.Build.0 = Debug|ARM
		{7ADA5BBB-9965-4F27-8BE1-534250839CDF}.Debug|x64.ActiveCfg = Debug|x64
		{7ADA5BBB-9965-4F27-8BE1-534250839CDF}.Debug|x64.Build.0 = Debug|x64
		{7ADA5BBB-9965-4F27-8BE1-534250839CDF}.Debug|x86.ActiveCfg = Debug|x86
		{7ADA5BBB-9965-4F27-8BE1-534250839CDF}.Debug|x86.Build.0 = Debug|x86
		{7ADA5BBB-9965-4F27-8BE1-534250839CDF}.Release|Any CPU.ActiveCfg = Release|Any CPU
		{7ADA5BBB-9965-4F27-8BE1-534250839CDF}.Release|Any CPU.Build.0 = Release|Any CPU
		{7ADA5BBB-9965-4F27-8BE1-534250839CDF}.Release|ARM.ActiveCfg = Release|ARM
		{7ADA5BBB-9965-4F27-8BE1-534250839CDF}.Release|ARM.Build.0 = Release|ARM
		{7ADA5BBB-9965-4F27-8BE1-534250839CDF}.Release|x64.ActiveCfg = Release|x64
		{7ADA5BBB-9965-4F27-8BE1-534250839CDF}.Release|x64.Build.0 = Release|x64
		{7ADA5BBB-9965-4F27-8BE1-534250839CDF}.Release|x86.ActiveCfg = Release|x86
		{7ADA5BBB-9965-4F27-8BE1-534250839CDF}.Release|x86.Build.0 = Release|x86
		{F081054C-23D7-482A-AC29-1CE595A03351}.Debug|Any CPU.ActiveCfg = Debug|Any CPU
		{F081054C-23D7-482A-AC29-1CE595A03351}.Debug|Any CPU.Build.0 = Debug|Any CPU
		{F081054C-23D7-482A-AC29-1CE595A03351}.Debug|ARM.ActiveCfg = Debug|ARM
		{F081054C-23D7-482A-AC29-1CE595A03351}.Debug|ARM.Build.0 = Debug|ARM
		{F081054C-23D7-482A-AC29-1CE595A03351}.Debug|x64.ActiveCfg = Debug|x64
		{F081054C-23D7-482A-AC29-1CE595A03351}.Debug|x64.Build.0 = Debug|x64
		{F081054C-23D7-482A-AC29-1CE595A03351}.Debug|x86.ActiveCfg = Debug|x86
		{F081054C-23D7-482A-AC29-1CE595A03351}.Debug|x86.Build.0 = Debug|x86
		{F081054C-23D7-482A-AC29-1CE595A03351}.Release|Any CPU.ActiveCfg = Release|Any CPU
		{F081054C-23D7-482A-AC29-1CE595A03351}.Release|Any CPU.Build.0 = Release|Any CPU
		{F081054C-23D7-482A-AC29-1CE595A03351}.Release|ARM.ActiveCfg = Release|ARM
		{F081054C-23D7-482A-AC29-1CE595A03351}.Release|ARM.Build.0 = Release|ARM
		{F081054C-23D7-482A-AC29-1CE595A03351}.Release|x64.ActiveCfg = Release|x64
		{F081054C-23D7-482A-AC29-1CE595A03351}.Release|x64.Build.0 = Release|x64
		{F081054C-23D7-482A-AC29-1CE595A03351}.Release|x86.ActiveCfg = Release|x86
		{F081054C-23D7-482A-AC29-1CE595A03351}.Release|x86.Build.0 = Release|x86
		{B8971C15-0675-4C31-B049-F2DB2D801DEE}.Debug|Any CPU.ActiveCfg = Debug|x86
		{B8971C15-0675-4C31-B049-F2DB2D801DEE}.Debug|Any CPU.Build.0 = Debug|x86
		{B8971C15-0675-4C31-B049-F2DB2D801DEE}.Debug|Any CPU.Deploy.0 = Debug|x86
		{B8971C15-0675-4C31-B049-F2DB2D801DEE}.Debug|ARM.ActiveCfg = Debug|ARM
		{B8971C15-0675-4C31-B049-F2DB2D801DEE}.Debug|ARM.Build.0 = Debug|ARM
		{B8971C15-0675-4C31-B049-F2DB2D801DEE}.Debug|ARM.Deploy.0 = Debug|ARM
		{B8971C15-0675-4C31-B049-F2DB2D801DEE}.Debug|x64.ActiveCfg = Debug|x64
		{B8971C15-0675-4C31-B049-F2DB2D801DEE}.Debug|x64.Build.0 = Debug|x64
		{B8971C15-0675-4C31-B049-F2DB2D801DEE}.Debug|x64.Deploy.0 = Debug|x64
		{B8971C15-0675-4C31-B049-F2DB2D801DEE}.Debug|x86.ActiveCfg = Debug|x86
		{B8971C15-0675-4C31-B049-F2DB2D801DEE}.Debug|x86.Build.0 = Debug|x86
		{B8971C15-0675-4C31-B049-F2DB2D801DEE}.Debug|x86.Deploy.0 = Debug|x86
		{B8971C15-0675-4C31-B049-F2DB2D801DEE}.Release|Any CPU.ActiveCfg = Release|x86
		{B8971C15-0675-4C31-B049-F2DB2D801DEE}.Release|ARM.ActiveCfg = Release|ARM
		{B8971C15-0675-4C31-B049-F2DB2D801DEE}.Release|ARM.Build.0 = Release|ARM
		{B8971C15-0675-4C31-B049-F2DB2D801DEE}.Release|ARM.Deploy.0 = Release|ARM
		{B8971C15-0675-4C31-B049-F2DB2D801DEE}.Release|x64.ActiveCfg = Release|x64
		{B8971C15-0675-4C31-B049-F2DB2D801DEE}.Release|x64.Build.0 = Release|x64
		{B8971C15-0675-4C31-B049-F2DB2D801DEE}.Release|x64.Deploy.0 = Release|x64
		{B8971C15-0675-4C31-B049-F2DB2D801DEE}.Release|x86.ActiveCfg = Release|x86
		{B8971C15-0675-4C31-B049-F2DB2D801DEE}.Release|x86.Build.0 = Release|x86
		{B8971C15-0675-4C31-B049-F2DB2D801DEE}.Release|x86.Deploy.0 = Release|x86
		{A167B2C1-91A2-44D1-8B47-2BFD3A31E75B}.Debug|Any CPU.ActiveCfg = Debug|Any CPU
		{A167B2C1-91A2-44D1-8B47-2BFD3A31E75B}.Debug|Any CPU.Build.0 = Debug|Any CPU
		{A167B2C1-91A2-44D1-8B47-2BFD3A31E75B}.Debug|ARM.ActiveCfg = Debug|ARM
		{A167B2C1-91A2-44D1-8B47-2BFD3A31E75B}.Debug|ARM.Build.0 = Debug|ARM
		{A167B2C1-91A2-44D1-8B47-2BFD3A31E75B}.Debug|x64.ActiveCfg = Debug|x64
		{A167B2C1-91A2-44D1-8B47-2BFD3A31E75B}.Debug|x64.Build.0 = Debug|x64
		{A167B2C1-91A2-44D1-8B47-2BFD3A31E75B}.Debug|x86.ActiveCfg = Debug|x86
		{A167B2C1-91A2-44D1-8B47-2BFD3A31E75B}.Debug|x86.Build.0 = Debug|x86
		{A167B2C1-91A2-44D1-8B47-2BFD3A31E75B}.Release|Any CPU.ActiveCfg = Release|Any CPU
		{A167B2C1-91A2-44D1-8B47-2BFD3A31E75B}.Release|Any CPU.Build.0 = Release|Any CPU
		{A167B2C1-91A2-44D1-8B47-2BFD3A31E75B}.Release|ARM.ActiveCfg = Release|ARM
		{A167B2C1-91A2-44D1-8B47-2BFD3A31E75B}.Release|ARM.Build.0 = Release|ARM
		{A167B2C1-91A2-44D1-8B47-2BFD3A31E75B}.Release|x64.ActiveCfg = Release|x64
		{A167B2C1-91A2-44D1-8B47-2BFD3A31E75B}.Release|x64.Build.0 = Release|x64
		{A167B2C1-91A2-44D1-8B47-2BFD3A31E75B}.Release|x86.ActiveCfg = Release|x86
		{A167B2C1-91A2-44D1-8B47-2BFD3A31E75B}.Release|x86.Build.0 = Release|x86
		{F9A566B9-CDF8-4EA9-ABD1-B46842797E97}.Debug|Any CPU.ActiveCfg = Debug|Any CPU
		{F9A566B9-CDF8-4EA9-ABD1-B46842797E97}.Debug|Any CPU.Build.0 = Debug|Any CPU
		{F9A566B9-CDF8-4EA9-ABD1-B46842797E97}.Debug|ARM.ActiveCfg = Debug|ARM
		{F9A566B9-CDF8-4EA9-ABD1-B46842797E97}.Debug|ARM.Build.0 = Debug|ARM
		{F9A566B9-CDF8-4EA9-ABD1-B46842797E97}.Debug|x64.ActiveCfg = Debug|x64
		{F9A566B9-CDF8-4EA9-ABD1-B46842797E97}.Debug|x64.Build.0 = Debug|x64
		{F9A566B9-CDF8-4EA9-ABD1-B46842797E97}.Debug|x86.ActiveCfg = Debug|x86
		{F9A566B9-CDF8-4EA9-ABD1-B46842797E97}.Debug|x86.Build.0 = Debug|x86
		{F9A566B9-CDF8-4EA9-ABD1-B46842797E97}.Release|Any CPU.ActiveCfg = Release|Any CPU
		{F9A566B9-CDF8-4EA9-ABD1-B46842797E97}.Release|Any CPU.Build.0 = Release|Any CPU
		{F9A566B9-CDF8-4EA9-ABD1-B46842797E97}.Release|ARM.ActiveCfg = Release|ARM
		{F9A566B9-CDF8-4EA9-ABD1-B46842797E97}.Release|ARM.Build.0 = Release|ARM
		{F9A566B9-CDF8-4EA9-ABD1-B46842797E97}.Release|x64.ActiveCfg = Release|x64
		{F9A566B9-CDF8-4EA9-ABD1-B46842797E97}.Release|x64.Build.0 = Release|x64
		{F9A566B9-CDF8-4EA9-ABD1-B46842797E97}.Release|x86.ActiveCfg = Release|x86
		{F9A566B9-CDF8-4EA9-ABD1-B46842797E97}.Release|x86.Build.0 = Release|x86
	EndGlobalSection
	GlobalSection(SolutionProperties) = preSolution
		HideSolutionNode = FALSE
	EndGlobalSection
	GlobalSection(NestedProjects) = preSolution
		{6658ADD9-A6D5-4A9F-AFD6-95C87BA544BD} = {BD0CE949-F6C5-4FB3-895B-A799640772CE}
		{3331C87D-3A5B-46E7-A3DC-0D1311966354} = {C12138FD-92D8-4538-B2F3-6CC13E51596C}
		{07BFE244-14D6-48E4-96AC-680B2E49C9BF} = {3331C87D-3A5B-46E7-A3DC-0D1311966354}
		{9E5E1955-7C20-4B25-B40A-93449EBAB79F} = {BD0CE949-F6C5-4FB3-895B-A799640772CE}
		{F54BA55D-2336-4991-BBF8-3DEE56BBF8A5} = {BD0CE949-F6C5-4FB3-895B-A799640772CE}
		{19446C9D-A72F-456A-B1D7-5B11D23FC4A4} = {3331C87D-3A5B-46E7-A3DC-0D1311966354}
		{37438CD6-46C6-4495-91F5-0C76FE9C0D1E} = {19446C9D-A72F-456A-B1D7-5B11D23FC4A4}
		{637852E9-7E85-4CF0-A630-D87252F63DA5} = {19446C9D-A72F-456A-B1D7-5B11D23FC4A4}
		{4C379928-38D8-4FE1-BF5A-69851E85AC07} = {847D8BC3-DDB0-4003-9DE9-CF5C540436A2}
		{BF97C3F5-1968-46C1-A7B1-0498DBA5B6AE} = {4C379928-38D8-4FE1-BF5A-69851E85AC07}
		{A607542C-2920-40B5-8074-F1C3D4125EBF} = {BF97C3F5-1968-46C1-A7B1-0498DBA5B6AE}
		{BF1B2833-D1C8-4E2C-9EF2-AC3005E984DB} = {19446C9D-A72F-456A-B1D7-5B11D23FC4A4}
		{480D7C55-3CF8-42DA-A7F7-CD63790D8814} = {3331C87D-3A5B-46E7-A3DC-0D1311966354}
		{00D91333-9A3C-4E5F-9AFD-6A6946C3C5E1} = {19446C9D-A72F-456A-B1D7-5B11D23FC4A4}
		{749F5FAF-37C3-425F-804A-CFD61FA4A42D} = {3331C87D-3A5B-46E7-A3DC-0D1311966354}
		{7ADA5BBB-9965-4F27-8BE1-534250839CDF} = {19446C9D-A72F-456A-B1D7-5B11D23FC4A4}
		{F081054C-23D7-482A-AC29-1CE595A03351} = {BD0CE949-F6C5-4FB3-895B-A799640772CE}
		{B8971C15-0675-4C31-B049-F2DB2D801DEE} = {BD0CE949-F6C5-4FB3-895B-A799640772CE}
		{A167B2C1-91A2-44D1-8B47-2BFD3A31E75B} = {BD0CE949-F6C5-4FB3-895B-A799640772CE}
		{F9A566B9-CDF8-4EA9-ABD1-B46842797E97} = {3331C87D-3A5B-46E7-A3DC-0D1311966354}
	EndGlobalSection
	GlobalSection(ExtensibilityGlobals) = postSolution
		SolutionGuid = {E3E0995A-7F90-4F87-8658-433B2497CC42}
	EndGlobalSection
EndGlobal
