
Microsoft Visual Studio Solution File, Format Version 12.00
# Visual Studio 14
VisualStudioVersion = 14.0.25420.1
MinimumVisualStudioVersion = 10.0.40219.1
Project("{2150E333-8FDC-42A3-9474-1A3956D46DE8}") = "FritzBoxAPI", "FritzBoxAPI", "{BD0CE949-F6C5-4FB3-895B-A799640772CE}"
EndProject
Project("{FAE04EC0-301F-11D3-BF4B-00C04F79EFBC}") = "FritzBoxHttpAPI", "..\FritzBoxAPI\FritzBoxHttpAPI\FritzBoxHttpAPI.csproj", "{6658ADD9-A6D5-4A9F-AFD6-95C87BA544BD}"
EndProject
Project("{2150E333-8FDC-42A3-9474-1A3956D46DE8}") = "UI", "UI", "{C12138FD-92D8-4538-B2F3-6CC13E51596C}"
EndProject
Project("{2150E333-8FDC-42A3-9474-1A3956D46DE8}") = "UWP", "UWP", "{3331C87D-3A5B-46E7-A3DC-0D1311966354}"
EndProject
Project("{FAE04EC0-301F-11D3-BF4B-00C04F79EFBC}") = "RYB", "..\UI\UWP\RYB\RYB.csproj", "{07BFE244-14D6-48E4-96AC-680B2E49C9BF}"
EndProject
Project("{FAE04EC0-301F-11D3-BF4B-00C04F79EFBC}") = "ApiAdapter.Interface", "..\FritzBoxAPI\ApiAdapter.Interface\ApiAdapter.Interface.csproj", "{9E5E1955-7C20-4B25-B40A-93449EBAB79F}"
EndProject
Project("{FAE04EC0-301F-11D3-BF4B-00C04F79EFBC}") = "ApiAdapter.Implementation", "..\FritzBoxAPI\ApiAdapter.Implementation\ApiAdapter.Implementation.csproj", "{F54BA55D-2336-4991-BBF8-3DEE56BBF8A5}"
EndProject
Project("{2150E333-8FDC-42A3-9474-1A3956D46DE8}") = "Modules", "Modules", "{19446C9D-A72F-456A-B1D7-5B11D23FC4A4}"
EndProject
Project("{FAE04EC0-301F-11D3-BF4B-00C04F79EFBC}") = "TabHeaderUC", "..\UI\UWP\Modules\TabHeader\TabHeaderUC\TabHeaderUC.csproj", "{37438CD6-46C6-4495-91F5-0C76FE9C0D1E}"
EndProject
Project("{FAE04EC0-301F-11D3-BF4B-00C04F79EFBC}") = "FlaticonCreditUC", "..\UI\UWP\Modules\FlaticonCredit\FlaticonCreditUC.csproj", "{637852E9-7E85-4CF0-A630-D87252F63DA5}"
EndProject
Project("{2150E333-8FDC-42A3-9474-1A3956D46DE8}") = "DesignPatterns", "DesignPatterns", "{847D8BC3-DDB0-4003-9DE9-CF5C540436A2}"
EndProject
Project("{2150E333-8FDC-42A3-9474-1A3956D46DE8}") = "CreationalPatterns", "CreationalPatterns", "{4C379928-38D8-4FE1-BF5A-69851E85AC07}"
EndProject
Project("{2150E333-8FDC-42A3-9474-1A3956D46DE8}") = "FactoryMethod", "FactoryMethod", "{BF97C3F5-1968-46C1-A7B1-0498DBA5B6AE}"
EndProject
Project("{FAE04EC0-301F-11D3-BF4B-00C04F79EFBC}") = "FactoryMethod.Interface", "..\XElement\DesignPatterns\CreationalPatterns\FactoryMethod\FactoryMethod.Interface\FactoryMethod.Interface.csproj", "{A607542C-2920-40B5-8074-F1C3D4125EBF}"
EndProject
Global
	GlobalSection(SolutionConfigurationPlatforms) = preSolution
		Debug|Any CPU = Debug|Any CPU
		Debug|ARM = Debug|ARM
		Debug|x64 = Debug|x64
		Debug|x86 = Debug|x86
		Release|Any CPU = Release|Any CPU
		Release|ARM = Release|ARM
		Release|x64 = Release|x64
		Release|x86 = Release|x86
	EndGlobalSection
	GlobalSection(ProjectConfigurationPlatforms) = postSolution
		{6658ADD9-A6D5-4A9F-AFD6-95C87BA544BD}.Debug|Any CPU.ActiveCfg = Debug|Any CPU
		{6658ADD9-A6D5-4A9F-AFD6-95C87BA544BD}.Debug|Any CPU.Build.0 = Debug|Any CPU
		{6658ADD9-A6D5-4A9F-AFD6-95C87BA544BD}.Debug|ARM.ActiveCfg = Debug|ARM
		{6658ADD9-A6D5-4A9F-AFD6-95C87BA544BD}.Debug|ARM.Build.0 = Debug|ARM
		{6658ADD9-A6D5-4A9F-AFD6-95C87BA544BD}.Debug|x64.ActiveCfg = Debug|x64
		{6658ADD9-A6D5-4A9F-AFD6-95C87BA544BD}.Debug|x64.Build.0 = Debug|x64
		{6658ADD9-A6D5-4A9F-AFD6-95C87BA544BD}.Debug|x86.ActiveCfg = Debug|x86
		{6658ADD9-A6D5-4A9F-AFD6-95C87BA544BD}.Debug|x86.Build.0 = Debug|x86
		{6658ADD9-A6D5-4A9F-AFD6-95C87BA544BD}.Release|Any CPU.ActiveCfg = Release|Any CPU
		{6658ADD9-A6D5-4A9F-AFD6-95C87BA544BD}.Release|Any CPU.Build.0 = Release|Any CPU
		{6658ADD9-A6D5-4A9F-AFD6-95C87BA544BD}.Release|ARM.ActiveCfg = Release|ARM
		{6658ADD9-A6D5-4A9F-AFD6-95C87BA544BD}.Release|ARM.Build.0 = Release|ARM
		{6658ADD9-A6D5-4A9F-AFD6-95C87BA544BD}.Release|x64.ActiveCfg = Release|x64
		{6658ADD9-A6D5-4A9F-AFD6-95C87BA544BD}.Release|x64.Build.0 = Release|x64
		{6658ADD9-A6D5-4A9F-AFD6-95C87BA544BD}.Release|x86.ActiveCfg = Release|x86
		{6658ADD9-A6D5-4A9F-AFD6-95C87BA544BD}.Release|x86.Build.0 = Release|x86
		{07BFE244-14D6-48E4-96AC-680B2E49C9BF}.Debug|Any CPU.ActiveCfg = Debug|x86
		{07BFE244-14D6-48E4-96AC-680B2E49C9BF}.Debug|Any CPU.Build.0 = Debug|x86
		{07BFE244-14D6-48E4-96AC-680B2E49C9BF}.Debug|Any CPU.Deploy.0 = Debug|x86
		{07BFE244-14D6-48E4-96AC-680B2E49C9BF}.Debug|ARM.ActiveCfg = Debug|ARM
		{07BFE244-14D6-48E4-96AC-680B2E49C9BF}.Debug|ARM.Build.0 = Debug|ARM
		{07BFE244-14D6-48E4-96AC-680B2E49C9BF}.Debug|ARM.Deploy.0 = Debug|ARM
		{07BFE244-14D6-48E4-96AC-680B2E49C9BF}.Debug|x64.ActiveCfg = Debug|x64
		{07BFE244-14D6-48E4-96AC-680B2E49C9BF}.Debug|x64.Build.0 = Debug|x64
		{07BFE244-14D6-48E4-96AC-680B2E49C9BF}.Debug|x64.Deploy.0 = Debug|x64
		{07BFE244-14D6-48E4-96AC-680B2E49C9BF}.Debug|x86.ActiveCfg = Debug|x86
		{07BFE244-14D6-48E4-96AC-680B2E49C9BF}.Debug|x86.Build.0 = Debug|x86
		{07BFE244-14D6-48E4-96AC-680B2E49C9BF}.Debug|x86.Deploy.0 = Debug|x86
		{07BFE244-14D6-48E4-96AC-680B2E49C9BF}.Release|Any CPU.ActiveCfg = Release|x86
		{07BFE244-14D6-48E4-96AC-680B2E49C9BF}.Release|ARM.ActiveCfg = Release|ARM
		{07BFE244-14D6-48E4-96AC-680B2E49C9BF}.Release|ARM.Build.0 = Release|ARM
		{07BFE244-14D6-48E4-96AC-680B2E49C9BF}.Release|ARM.Deploy.0 = Release|ARM
		{07BFE244-14D6-48E4-96AC-680B2E49C9BF}.Release|x64.ActiveCfg = Release|x64
		{07BFE244-14D6-48E4-96AC-680B2E49C9BF}.Release|x64.Build.0 = Release|x64
		{07BFE244-14D6-48E4-96AC-680B2E49C9BF}.Release|x64.Deploy.0 = Release|x64
		{07BFE244-14D6-48E4-96AC-680B2E49C9BF}.Release|x86.ActiveCfg = Release|x86
		{07BFE244-14D6-48E4-96AC-680B2E49C9BF}.Release|x86.Build.0 = Release|x86
		{07BFE244-14D6-48E4-96AC-680B2E49C9BF}.Release|x86.Deploy.0 = Release|x86
		{9E5E1955-7C20-4B25-B40A-93449EBAB79F}.Debug|Any CPU.ActiveCfg = Debug|Any CPU
		{9E5E1955-7C20-4B25-B40A-93449EBAB79F}.Debug|Any CPU.Build.0 = Debug|Any CPU
		{9E5E1955-7C20-4B25-B40A-93449EBAB79F}.Debug|ARM.ActiveCfg = Debug|ARM
		{9E5E1955-7C20-4B25-B40A-93449EBAB79F}.Debug|ARM.Build.0 = Debug|ARM
		{9E5E1955-7C20-4B25-B40A-93449EBAB79F}.Debug|x64.ActiveCfg = Debug|x64
		{9E5E1955-7C20-4B25-B40A-93449EBAB79F}.Debug|x64.Build.0 = Debug|x64
		{9E5E1955-7C20-4B25-B40A-93449EBAB79F}.Debug|x86.ActiveCfg = Debug|x86
		{9E5E1955-7C20-4B25-B40A-93449EBAB79F}.Debug|x86.Build.0 = Debug|x86
		{9E5E1955-7C20-4B25-B40A-93449EBAB79F}.Release|Any CPU.ActiveCfg = Release|Any CPU
		{9E5E1955-7C20-4B25-B40A-93449EBAB79F}.Release|Any CPU.Build.0 = Release|Any CPU
		{9E5E1955-7C20-4B25-B40A-93449EBAB79F}.Release|ARM.ActiveCfg = Release|ARM
		{9E5E1955-7C20-4B25-B40A-93449EBAB79F}.Release|ARM.Build.0 = Release|ARM
		{9E5E1955-7C20-4B25-B40A-93449EBAB79F}.Release|x64.ActiveCfg = Release|x64
		{9E5E1955-7C20-4B25-B40A-93449EBAB79F}.Release|x64.Build.0 = Release|x64
		{9E5E1955-7C20-4B25-B40A-93449EBAB79F}.Release|x86.ActiveCfg = Release|x86
		{9E5E1955-7C20-4B25-B40A-93449EBAB79F}.Release|x86.Build.0 = Release|x86
		{F54BA55D-2336-4991-BBF8-3DEE56BBF8A5}.Debug|Any CPU.ActiveCfg = Debug|Any CPU
		{F54BA55D-2336-4991-BBF8-3DEE56BBF8A5}.Debug|Any CPU.Build.0 = Debug|Any CPU
		{F54BA55D-2336-4991-BBF8-3DEE56BBF8A5}.Debug|ARM.ActiveCfg = Debug|ARM
		{F54BA55D-2336-4991-BBF8-3DEE56BBF8A5}.Debug|ARM.Build.0 = Debug|ARM
		{F54BA55D-2336-4991-BBF8-3DEE56BBF8A5}.Debug|x64.ActiveCfg = Debug|x64
		{F54BA55D-2336-4991-BBF8-3DEE56BBF8A5}.Debug|x64.Build.0 = Debug|x64
		{F54BA55D-2336-4991-BBF8-3DEE56BBF8A5}.Debug|x86.ActiveCfg = Debug|x86
		{F54BA55D-2336-4991-BBF8-3DEE56BBF8A5}.Debug|x86.Build.0 = Debug|x86
		{F54BA55D-2336-4991-BBF8-3DEE56BBF8A5}.Release|Any CPU.ActiveCfg = Release|Any CPU
		{F54BA55D-2336-4991-BBF8-3DEE56BBF8A5}.Release|Any CPU.Build.0 = Release|Any CPU
		{F54BA55D-2336-4991-BBF8-3DEE56BBF8A5}.Release|ARM.ActiveCfg = Release|ARM
		{F54BA55D-2336-4991-BBF8-3DEE56BBF8A5}.Release|ARM.Build.0 = Release|ARM
		{F54BA55D-2336-4991-BBF8-3DEE56BBF8A5}.Release|x64.ActiveCfg = Release|x64
		{F54BA55D-2336-4991-BBF8-3DEE56BBF8A5}.Release|x64.Build.0 = Release|x64
		{F54BA55D-2336-4991-BBF8-3DEE56BBF8A5}.Release|x86.ActiveCfg = Release|x86
		{F54BA55D-2336-4991-BBF8-3DEE56BBF8A5}.Release|x86.Build.0 = Release|x86
		{37438CD6-46C6-4495-91F5-0C76FE9C0D1E}.Debug|Any CPU.ActiveCfg = Debug|Any CPU
		{37438CD6-46C6-4495-91F5-0C76FE9C0D1E}.Debug|Any CPU.Build.0 = Debug|Any CPU
		{37438CD6-46C6-4495-91F5-0C76FE9C0D1E}.Debug|ARM.ActiveCfg = Debug|ARM
		{37438CD6-46C6-4495-91F5-0C76FE9C0D1E}.Debug|ARM.Build.0 = Debug|ARM
		{37438CD6-46C6-4495-91F5-0C76FE9C0D1E}.Debug|x64.ActiveCfg = Debug|x64
		{37438CD6-46C6-4495-91F5-0C76FE9C0D1E}.Debug|x64.Build.0 = Debug|x64
		{37438CD6-46C6-4495-91F5-0C76FE9C0D1E}.Debug|x86.ActiveCfg = Debug|x86
		{37438CD6-46C6-4495-91F5-0C76FE9C0D1E}.Debug|x86.Build.0 = Debug|x86
		{37438CD6-46C6-4495-91F5-0C76FE9C0D1E}.Release|Any CPU.ActiveCfg = Release|Any CPU
		{37438CD6-46C6-4495-91F5-0C76FE9C0D1E}.Release|Any CPU.Build.0 = Release|Any CPU
		{37438CD6-46C6-4495-91F5-0C76FE9C0D1E}.Release|ARM.ActiveCfg = Release|ARM
		{37438CD6-46C6-4495-91F5-0C76FE9C0D1E}.Release|ARM.Build.0 = Release|ARM
		{37438CD6-46C6-4495-91F5-0C76FE9C0D1E}.Release|x64.ActiveCfg = Release|x64
		{37438CD6-46C6-4495-91F5-0C76FE9C0D1E}.Release|x64.Build.0 = Release|x64
		{37438CD6-46C6-4495-91F5-0C76FE9C0D1E}.Release|x86.ActiveCfg = Release|x86
		{37438CD6-46C6-4495-91F5-0C76FE9C0D1E}.Release|x86.Build.0 = Release|x86
		{637852E9-7E85-4CF0-A630-D87252F63DA5}.Debug|Any CPU.ActiveCfg = Debug|x86
		{637852E9-7E85-4CF0-A630-D87252F63DA5}.Debug|Any CPU.Build.0 = Debug|x86
		{637852E9-7E85-4CF0-A630-D87252F63DA5}.Debug|ARM.ActiveCfg = Debug|ARM
		{637852E9-7E85-4CF0-A630-D87252F63DA5}.Debug|ARM.Build.0 = Debug|ARM
		{637852E9-7E85-4CF0-A630-D87252F63DA5}.Debug|x64.ActiveCfg = Debug|x64
		{637852E9-7E85-4CF0-A630-D87252F63DA5}.Debug|x64.Build.0 = Debug|x64
		{637852E9-7E85-4CF0-A630-D87252F63DA5}.Debug|x86.ActiveCfg = Debug|x86
		{637852E9-7E85-4CF0-A630-D87252F63DA5}.Debug|x86.Build.0 = Debug|x86
		{637852E9-7E85-4CF0-A630-D87252F63DA5}.Release|Any CPU.ActiveCfg = Release|Any CPU
		{637852E9-7E85-4CF0-A630-D87252F63DA5}.Release|Any CPU.Build.0 = Release|Any CPU
		{637852E9-7E85-4CF0-A630-D87252F63DA5}.Release|ARM.ActiveCfg = Release|ARM
		{637852E9-7E85-4CF0-A630-D87252F63DA5}.Release|ARM.Build.0 = Release|ARM
		{637852E9-7E85-4CF0-A630-D87252F63DA5}.Release|x64.ActiveCfg = Release|x64
		{637852E9-7E85-4CF0-A630-D87252F63DA5}.Release|x64.Build.0 = Release|x64
		{637852E9-7E85-4CF0-A630-D87252F63DA5}.Release|x86.ActiveCfg = Release|x86
		{637852E9-7E85-4CF0-A630-D87252F63DA5}.Release|x86.Build.0 = Release|x86
		{A607542C-2920-40B5-8074-F1C3D4125EBF}.Debug|Any CPU.ActiveCfg = Debug|Any CPU
		{A607542C-2920-40B5-8074-F1C3D4125EBF}.Debug|Any CPU.Build.0 = Debug|Any CPU
		{A607542C-2920-40B5-8074-F1C3D4125EBF}.Debug|ARM.ActiveCfg = Debug|ARM
		{A607542C-2920-40B5-8074-F1C3D4125EBF}.Debug|ARM.Build.0 = Debug|ARM
		{A607542C-2920-40B5-8074-F1C3D4125EBF}.Debug|x64.ActiveCfg = Debug|x64
		{A607542C-2920-40B5-8074-F1C3D4125EBF}.Debug|x64.Build.0 = Debug|x64
		{A607542C-2920-40B5-8074-F1C3D4125EBF}.Debug|x86.ActiveCfg = Debug|x86
		{A607542C-2920-40B5-8074-F1C3D4125EBF}.Debug|x86.Build.0 = Debug|x86
		{A607542C-2920-40B5-8074-F1C3D4125EBF}.Release|Any CPU.ActiveCfg = Release|Any CPU
		{A607542C-2920-40B5-8074-F1C3D4125EBF}.Release|Any CPU.Build.0 = Release|Any CPU
		{A607542C-2920-40B5-8074-F1C3D4125EBF}.Release|ARM.ActiveCfg = Release|ARM
		{A607542C-2920-40B5-8074-F1C3D4125EBF}.Release|ARM.Build.0 = Release|ARM
		{A607542C-2920-40B5-8074-F1C3D4125EBF}.Release|x64.ActiveCfg = Release|x64
		{A607542C-2920-40B5-8074-F1C3D4125EBF}.Release|x64.Build.0 = Release|x64
		{A607542C-2920-40B5-8074-F1C3D4125EBF}.Release|x86.ActiveCfg = Release|x86
		{A607542C-2920-40B5-8074-F1C3D4125EBF}.Release|x86.Build.0 = Release|x86
	EndGlobalSection
	GlobalSection(SolutionProperties) = preSolution
		HideSolutionNode = FALSE
	EndGlobalSection
	GlobalSection(NestedProjects) = preSolution
		{6658ADD9-A6D5-4A9F-AFD6-95C87BA544BD} = {BD0CE949-F6C5-4FB3-895B-A799640772CE}
		{3331C87D-3A5B-46E7-A3DC-0D1311966354} = {C12138FD-92D8-4538-B2F3-6CC13E51596C}
		{07BFE244-14D6-48E4-96AC-680B2E49C9BF} = {3331C87D-3A5B-46E7-A3DC-0D1311966354}
		{9E5E1955-7C20-4B25-B40A-93449EBAB79F} = {BD0CE949-F6C5-4FB3-895B-A799640772CE}
		{F54BA55D-2336-4991-BBF8-3DEE56BBF8A5} = {BD0CE949-F6C5-4FB3-895B-A799640772CE}
		{19446C9D-A72F-456A-B1D7-5B11D23FC4A4} = {3331C87D-3A5B-46E7-A3DC-0D1311966354}
		{37438CD6-46C6-4495-91F5-0C76FE9C0D1E} = {19446C9D-A72F-456A-B1D7-5B11D23FC4A4}
		{637852E9-7E85-4CF0-A630-D87252F63DA5} = {19446C9D-A72F-456A-B1D7-5B11D23FC4A4}
		{4C379928-38D8-4FE1-BF5A-69851E85AC07} = {847D8BC3-DDB0-4003-9DE9-CF5C540436A2}
		{BF97C3F5-1968-46C1-A7B1-0498DBA5B6AE} = {4C379928-38D8-4FE1-BF5A-69851E85AC07}
		{A607542C-2920-40B5-8074-F1C3D4125EBF} = {BF97C3F5-1968-46C1-A7B1-0498DBA5B6AE}
	EndGlobalSection
EndGlobal
