
Microsoft Visual Studio Solution File, Format Version 12.00
# Visual Studio 14
VisualStudioVersion = 14.0.25420.1
MinimumVisualStudioVersion = 10.0.40219.1
Project("{2150E333-8FDC-42A3-9474-1A3956D46DE8}") = "FritzBoxAPI", "FritzBoxAPI", "{BD0CE949-F6C5-4FB3-895B-A799640772CE}"
EndProject
Project("{FAE04EC0-301F-11D3-BF4B-00C04F79EFBC}") = "FritzBoxHttpAPI", "..\FritzBoxAPI\FritzBoxHttpAPI\FritzBoxHttpAPI.csproj", "{6658ADD9-A6D5-4A9F-AFD6-95C87BA544BD}"
EndProject
Project("{2150E333-8FDC-42A3-9474-1A3956D46DE8}") = "UI", "UI", "{C12138FD-92D8-4538-B2F3-6CC13E51596C}"
EndProject
Project("{2150E333-8FDC-42A3-9474-1A3956D46DE8}") = "UWP", "UWP", "{3331C87D-3A5B-46E7-A3DC-0D1311966354}"
EndProject
Project("{FAE04EC0-301F-11D3-BF4B-00C04F79EFBC}") = "RYB", "..\UI\UWP\RYB\RYB.csproj", "{07BFE244-14D6-48E4-96AC-680B2E49C9BF}"
EndProject
Global
	GlobalSection(SolutionConfigurationPlatforms) = preSolution
		Debug|Any CPU = Debug|Any CPU
		Debug|ARM = Debug|ARM
		Debug|x64 = Debug|x64
		Debug|x86 = Debug|x86
		Release|Any CPU = Release|Any CPU
		Release|ARM = Release|ARM
		Release|x64 = Release|x64
		Release|x86 = Release|x86
	EndGlobalSection
	GlobalSection(ProjectConfigurationPlatforms) = postSolution
		{6658ADD9-A6D5-4A9F-AFD6-95C87BA544BD}.Debug|Any CPU.ActiveCfg = Debug|Any CPU
		{6658ADD9-A6D5-4A9F-AFD6-95C87BA544BD}.Debug|Any CPU.Build.0 = Debug|Any CPU
		{6658ADD9-A6D5-4A9F-AFD6-95C87BA544BD}.Debug|ARM.ActiveCfg = Debug|ARM
		{6658ADD9-A6D5-4A9F-AFD6-95C87BA544BD}.Debug|ARM.Build.0 = Debug|ARM
		{6658ADD9-A6D5-4A9F-AFD6-95C87BA544BD}.Debug|x64.ActiveCfg = Debug|x64
		{6658ADD9-A6D5-4A9F-AFD6-95C87BA544BD}.Debug|x64.Build.0 = Debug|x64
		{6658ADD9-A6D5-4A9F-AFD6-95C87BA544BD}.Debug|x86.ActiveCfg = Debug|x86
		{6658ADD9-A6D5-4A9F-AFD6-95C87BA544BD}.Debug|x86.Build.0 = Debug|x86
		{6658ADD9-A6D5-4A9F-AFD6-95C87BA544BD}.Release|Any CPU.ActiveCfg = Release|Any CPU
		{6658ADD9-A6D5-4A9F-AFD6-95C87BA544BD}.Release|Any CPU.Build.0 = Release|Any CPU
		{6658ADD9-A6D5-4A9F-AFD6-95C87BA544BD}.Release|ARM.ActiveCfg = Release|ARM
		{6658ADD9-A6D5-4A9F-AFD6-95C87BA544BD}.Release|ARM.Build.0 = Release|ARM
		{6658ADD9-A6D5-4A9F-AFD6-95C87BA544BD}.Release|x64.ActiveCfg = Release|x64
		{6658ADD9-A6D5-4A9F-AFD6-95C87BA544BD}.Release|x64.Build.0 = Release|x64
		{6658ADD9-A6D5-4A9F-AFD6-95C87BA544BD}.Release|x86.ActiveCfg = Release|x86
		{6658ADD9-A6D5-4A9F-AFD6-95C87BA544BD}.Release|x86.Build.0 = Release|x86
		{07BFE244-14D6-48E4-96AC-680B2E49C9BF}.Debug|Any CPU.ActiveCfg = Debug|x86
		{07BFE244-14D6-48E4-96AC-680B2E49C9BF}.Debug|Any CPU.Build.0 = Debug|x86
		{07BFE244-14D6-48E4-96AC-680B2E49C9BF}.Debug|Any CPU.Deploy.0 = Debug|x86
		{07BFE244-14D6-48E4-96AC-680B2E49C9BF}.Debug|ARM.ActiveCfg = Debug|ARM
		{07BFE244-14D6-48E4-96AC-680B2E49C9BF}.Debug|ARM.Build.0 = Debug|ARM
		{07BFE244-14D6-48E4-96AC-680B2E49C9BF}.Debug|ARM.Deploy.0 = Debug|ARM
		{07BFE244-14D6-48E4-96AC-680B2E49C9BF}.Debug|x64.ActiveCfg = Debug|x64
		{07BFE244-14D6-48E4-96AC-680B2E49C9BF}.Debug|x64.Build.0 = Debug|x64
		{07BFE244-14D6-48E4-96AC-680B2E49C9BF}.Debug|x64.Deploy.0 = Debug|x64
		{07BFE244-14D6-48E4-96AC-680B2E49C9BF}.Debug|x86.ActiveCfg = Debug|x86
		{07BFE244-14D6-48E4-96AC-680B2E49C9BF}.Debug|x86.Build.0 = Debug|x86
		{07BFE244-14D6-48E4-96AC-680B2E49C9BF}.Debug|x86.Deploy.0 = Debug|x86
		{07BFE244-14D6-48E4-96AC-680B2E49C9BF}.Release|Any CPU.ActiveCfg = Release|x86
		{07BFE244-14D6-48E4-96AC-680B2E49C9BF}.Release|ARM.ActiveCfg = Release|ARM
		{07BFE244-14D6-48E4-96AC-680B2E49C9BF}.Release|ARM.Build.0 = Release|ARM
		{07BFE244-14D6-48E4-96AC-680B2E49C9BF}.Release|ARM.Deploy.0 = Release|ARM
		{07BFE244-14D6-48E4-96AC-680B2E49C9BF}.Release|x64.ActiveCfg = Release|x64
		{07BFE244-14D6-48E4-96AC-680B2E49C9BF}.Release|x64.Build.0 = Release|x64
		{07BFE244-14D6-48E4-96AC-680B2E49C9BF}.Release|x64.Deploy.0 = Release|x64
		{07BFE244-14D6-48E4-96AC-680B2E49C9BF}.Release|x86.ActiveCfg = Release|x86
		{07BFE244-14D6-48E4-96AC-680B2E49C9BF}.Release|x86.Build.0 = Release|x86
		{07BFE244-14D6-48E4-96AC-680B2E49C9BF}.Release|x86.Deploy.0 = Release|x86
	EndGlobalSection
	GlobalSection(SolutionProperties) = preSolution
		HideSolutionNode = FALSE
	EndGlobalSection
	GlobalSection(NestedProjects) = preSolution
		{6658ADD9-A6D5-4A9F-AFD6-95C87BA544BD} = {BD0CE949-F6C5-4FB3-895B-A799640772CE}
		{3331C87D-3A5B-46E7-A3DC-0D1311966354} = {C12138FD-92D8-4538-B2F3-6CC13E51596C}
		{07BFE244-14D6-48E4-96AC-680B2E49C9BF} = {3331C87D-3A5B-46E7-A3DC-0D1311966354}
	EndGlobalSection
EndGlobal
